
Microsoft Visual Studio Solution File, Format Version 12.00
# Visual Studio Version 16
VisualStudioVersion = 16.0.31112.23
MinimumVisualStudioVersion = 10.0.40219.1
Project("{8BC9CEB8-8B4A-11D0-8D11-00A0C91BC942}") = "Practica 1 Pregunta 2 V2", "Practica 1 Pregunta 2 V2\Practica 1 Pregunta 2 V2.vcxproj", "{ADFA9422-F772-42E3-93B0-4079763759D7}"
EndProject
Global
	GlobalSection(SolutionConfigurationPlatforms) = preSolution
		Debug|x64 = Debug|x64
		Debug|x86 = Debug|x86
		Release|x64 = Release|x64
		Release|x86 = Release|x86
	EndGlobalSection
	GlobalSection(ProjectConfigurationPlatforms) = postSolution
		{ADFA9422-F772-42E3-93B0-4079763759D7}.Debug|x64.ActiveCfg = Debug|x64
		{ADFA9422-F772-42E3-93B0-4079763759D7}.Debug|x64.Build.0 = Debug|x64
		{ADFA9422-F772-42E3-93B0-4079763759D7}.Debug|x86.ActiveCfg = Debug|Win32
		{ADFA9422-F772-42E3-93B0-4079763759D7}.Debug|x86.Build.0 = Debug|Win32
		{ADFA9422-F772-42E3-93B0-4079763759D7}.Release|x64.ActiveCfg = Release|x64
		{ADFA9422-F772-42E3-93B0-4079763759D7}.Release|x64.Build.0 = Release|x64
		{ADFA9422-F772-42E3-93B0-4079763759D7}.Release|x86.ActiveCfg = Release|Win32
		{ADFA9422-F772-42E3-93B0-4079763759D7}.Release|x86.Build.0 = Release|Win32
	EndGlobalSection
	GlobalSection(SolutionProperties) = preSolution
		HideSolutionNode = FALSE
	EndGlobalSection
	GlobalSection(ExtensibilityGlobals) = postSolution
		SolutionGuid = {8BA69CCF-3150-4913-BB9B-072E5E9D16E0}
	EndGlobalSection
EndGlobal
