
Microsoft Visual Studio Solution File, Format Version 12.00
# Visual Studio Version 16
VisualStudioVersion = 16.0.31205.134
MinimumVisualStudioVersion = 10.0.40219.1
Project("{8BC9CEB8-8B4A-11D0-8D11-00A0C91BC942}") = "stringsinespacios", "stringsinespacios\stringsinespacios.vcxproj", "{2E449168-75B6-41E0-9F8B-A4E8028E9105}"
EndProject
Global
	GlobalSection(SolutionConfigurationPlatforms) = preSolution
		Debug|x64 = Debug|x64
		Debug|x86 = Debug|x86
		Release|x64 = Release|x64
		Release|x86 = Release|x86
	EndGlobalSection
	GlobalSection(ProjectConfigurationPlatforms) = postSolution
		{2E449168-75B6-41E0-9F8B-A4E8028E9105}.Debug|x64.ActiveCfg = Debug|x64
		{2E449168-75B6-41E0-9F8B-A4E8028E9105}.Debug|x64.Build.0 = Debug|x64
		{2E449168-75B6-41E0-9F8B-A4E8028E9105}.Debug|x86.ActiveCfg = Debug|Win32
		{2E449168-75B6-41E0-9F8B-A4E8028E9105}.Debug|x86.Build.0 = Debug|Win32
		{2E449168-75B6-41E0-9F8B-A4E8028E9105}.Release|x64.ActiveCfg = Release|x64
		{2E449168-75B6-41E0-9F8B-A4E8028E9105}.Release|x64.Build.0 = Release|x64
		{2E449168-75B6-41E0-9F8B-A4E8028E9105}.Release|x86.ActiveCfg = Release|Win32
		{2E449168-75B6-41E0-9F8B-A4E8028E9105}.Release|x86.Build.0 = Release|Win32
	EndGlobalSection
	GlobalSection(SolutionProperties) = preSolution
		HideSolutionNode = FALSE
	EndGlobalSection
	GlobalSection(ExtensibilityGlobals) = postSolution
		SolutionGuid = {6E10330B-59E8-431B-AA6A-F81F013E0C35}
	EndGlobalSection
EndGlobal
